<?xml version="1.0" encoding="utf-8"?>
<Project ToolsVersion="4.0" xmlns="http://schemas.microsoft.com/developer/msbuild/2003">
  <ItemGroup>
    <Filter Include="头文件">
      <UniqueIdentifier>{93995380-89BD-4b04-88EB-625FBE52EBFB}</UniqueIdentifier>
      <Extensions>h;hh;hpp;hxx;hm;inl;inc;ipp;xsd</Extensions>
    </Filter>
    <Filter Include="资源文件">
      <UniqueIdentifier>{67DA6AB6-F800-4c08-8B7A-83BB121AAD01}</UniqueIdentifier>
      <Extensions>rc;ico;cur;bmp;dlg;rc2;rct;bin;rgs;gif;jpg;jpeg;jpe;resx;tiff;tif;png;wav;mfcribbon-ms</Extensions>
    </Filter>
    <Filter Include="Source">
      <UniqueIdentifier>{4FC737F1-C7A5-4376-A066-2A32D752A2FF}</UniqueIdentifier>
      <Extensions>cpp;c;cc;cxx;def;odl;idl;hpj;bat;asm;asmx</Extensions>
    </Filter>
    <Filter Include="Source\glad">
      <UniqueIdentifier>{c3ab0927-b205-4433-8c67-aed523b4d6a7}</UniqueIdentifier>
    </Filter>
  </ItemGroup>
  <ItemGroup>
    <ClCompile Include="main.cpp">
      <Filter>Source</Filter>
    </ClCompile>
    <ClCompile Include="TriangleMesh.cpp">
      <Filter>Source</Filter>
    </ClCompile>
    <ClCompile Include="Primitive.cpp">
      <Filter>Source</Filter>
    </ClCompile>
    <ClCompile Include="Triangle.cpp">
      <Filter>Source</Filter>
    </ClCompile>
    <ClCompile Include="Node.cpp">
      <Filter>Source</Filter>
    </ClCompile>
    <ClCompile Include="Model.cpp">
      <Filter>Source</Filter>
    </ClCompile>
    <ClCompile Include="Scene.cpp">
      <Filter>Source</Filter>
    </ClCompile>
    <ClCompile Include="Camera.cpp">
      <Filter>Source</Filter>
    </ClCompile>
    <ClCompile Include="Intersection.cpp">
      <Filter>Source</Filter>
    </ClCompile>
    <ClCompile Include="BVH.cpp">
      <Filter>Source</Filter>
    </ClCompile>
    <ClCompile Include="glad\glad.c">
      <Filter>Source\glad</Filter>
    </ClCompile>
  </ItemGroup>
  <ItemGroup>
    <ClInclude Include="TriangleMesh.h">
      <Filter>头文件</Filter>
    </ClInclude>
    <ClInclude Include="GMath.h">
      <Filter>头文件</Filter>
    </ClInclude>
    <ClInclude Include="Primitive.h">
      <Filter>头文件</Filter>
    </ClInclude>
    <ClInclude Include="Triangle.h">
      <Filter>头文件</Filter>
    </ClInclude>
    <ClInclude Include="Node.h">
      <Filter>头文件</Filter>
    </ClInclude>
    <ClInclude Include="Model.h">
      <Filter>头文件</Filter>
    </ClInclude>
    <ClInclude Include="Scene.h">
      <Filter>头文件</Filter>
    </ClInclude>
    <ClInclude Include="BBox.h">
      <Filter>头文件</Filter>
    </ClInclude>
    <ClInclude Include="BVH.h">
      <Filter>头文件</Filter>
    </ClInclude>
    <ClInclude Include="Input\Input.h">
      <Filter>头文件</Filter>
    </ClInclude>
    <ClInclude Include="Input\KeyCode.h">
      <Filter>头文件</Filter>
    </ClInclude>
    <ClInclude Include="Module.h">
      <Filter>头文件</Filter>
    </ClInclude>
    <ClInclude Include="Camera.h">
      <Filter>头文件</Filter>
    </ClInclude>
    <ClInclude Include="ShaderProgram.h">
      <Filter>头文件</Filter>
    </ClInclude>
    <ClInclude Include="DebugDraw.h">
      <Filter>头文件</Filter>
    </ClInclude>
    <ClInclude Include="Reflection.h">
      <Filter>头文件</Filter>
    </ClInclude>
    <ClInclude Include="PathTracing.h">
      <Filter>头文件</Filter>
    </ClInclude>
    <ClInclude Include="Ray.h">
      <Filter>头文件</Filter>
    </ClInclude>
    <ClInclude Include="Intersection.h">
      <Filter>头文件</Filter>
    </ClInclude>
    <ClInclude Include="glad\glad.h">
      <Filter>Source\glad</Filter>
    </ClInclude>
    <ClInclude Include="glad\khrplatform.h">
      <Filter>Source\glad</Filter>
    </ClInclude>
  </ItemGroup>
</Project>